
Microsoft Visual Studio Solution File, Format Version 12.00
# Visual Studio Version 16
VisualStudioVersion = 16.0.28729.10
MinimumVisualStudioVersion = 10.0.40219.1
Project("{9A19103F-16F7-4668-BE54-9A1E7A4F7556}") = "BCDComp.Core", "BCDComp.Core\BCDComp.Core.csproj", "{80739021-4C1D-4E3E-86F6-D6B5EE0A81D9}"
EndProject
Project("{9A19103F-16F7-4668-BE54-9A1E7A4F7556}") = "BCDLib", "BCDLib\BCDLib.csproj", "{B131A6B6-4851-4D95-AB5B-4BAB68E9FEF2}"
EndProject
Global
	GlobalSection(SolutionConfigurationPlatforms) = preSolution
		Debug|Any CPU = Debug|Any CPU
		Debug|x64 = Debug|x64
		Debug|x86 = Debug|x86
		g|Any CPU = g|Any CPU
		g|x64 = g|x64
		g|x86 = g|x86
		Release|Any CPU = Release|Any CPU
		Release|x64 = Release|x64
		Release|x86 = Release|x86
		TEST|Any CPU = TEST|Any CPU
		TEST|x64 = TEST|x64
		TEST|x86 = TEST|x86
		test3|Any CPU = test3|Any CPU
		test3|x64 = test3|x64
		test3|x86 = test3|x86
		test4|Any CPU = test4|Any CPU
		test4|x64 = test4|x64
		test4|x86 = test4|x86
	EndGlobalSection
	GlobalSection(ProjectConfigurationPlatforms) = postSolution
		{80739021-4C1D-4E3E-86F6-D6B5EE0A81D9}.Debug|Any CPU.ActiveCfg = Debug|Any CPU
		{80739021-4C1D-4E3E-86F6-D6B5EE0A81D9}.Debug|Any CPU.Build.0 = Debug|Any CPU
		{80739021-4C1D-4E3E-86F6-D6B5EE0A81D9}.Debug|x64.ActiveCfg = Debug|Any CPU
		{80739021-4C1D-4E3E-86F6-D6B5EE0A81D9}.Debug|x64.Build.0 = Debug|Any CPU
		{80739021-4C1D-4E3E-86F6-D6B5EE0A81D9}.Debug|x86.ActiveCfg = Debug|x86
		{80739021-4C1D-4E3E-86F6-D6B5EE0A81D9}.Debug|x86.Build.0 = Debug|x86
		{80739021-4C1D-4E3E-86F6-D6B5EE0A81D9}.g|Any CPU.ActiveCfg = Debug|Any CPU
		{80739021-4C1D-4E3E-86F6-D6B5EE0A81D9}.g|Any CPU.Build.0 = Debug|Any CPU
		{80739021-4C1D-4E3E-86F6-D6B5EE0A81D9}.g|x64.ActiveCfg = Debug|Any CPU
		{80739021-4C1D-4E3E-86F6-D6B5EE0A81D9}.g|x64.Build.0 = Debug|Any CPU
		{80739021-4C1D-4E3E-86F6-D6B5EE0A81D9}.g|x86.ActiveCfg = Debug|x86
		{80739021-4C1D-4E3E-86F6-D6B5EE0A81D9}.g|x86.Build.0 = Debug|x86
		{80739021-4C1D-4E3E-86F6-D6B5EE0A81D9}.Release|Any CPU.ActiveCfg = Release|Any CPU
		{80739021-4C1D-4E3E-86F6-D6B5EE0A81D9}.Release|Any CPU.Build.0 = Release|Any CPU
		{80739021-4C1D-4E3E-86F6-D6B5EE0A81D9}.Release|x64.ActiveCfg = Release|Any CPU
		{80739021-4C1D-4E3E-86F6-D6B5EE0A81D9}.Release|x64.Build.0 = Release|Any CPU
		{80739021-4C1D-4E3E-86F6-D6B5EE0A81D9}.Release|x86.ActiveCfg = Release|x86
		{80739021-4C1D-4E3E-86F6-D6B5EE0A81D9}.Release|x86.Build.0 = Release|x86
		{80739021-4C1D-4E3E-86F6-D6B5EE0A81D9}.TEST|Any CPU.ActiveCfg = Debug|Any CPU
		{80739021-4C1D-4E3E-86F6-D6B5EE0A81D9}.TEST|Any CPU.Build.0 = Debug|Any CPU
		{80739021-4C1D-4E3E-86F6-D6B5EE0A81D9}.TEST|x64.ActiveCfg = Debug|Any CPU
		{80739021-4C1D-4E3E-86F6-D6B5EE0A81D9}.TEST|x64.Build.0 = Debug|Any CPU
		{80739021-4C1D-4E3E-86F6-D6B5EE0A81D9}.TEST|x86.ActiveCfg = Release|x86
		{80739021-4C1D-4E3E-86F6-D6B5EE0A81D9}.TEST|x86.Build.0 = Release|x86
		{80739021-4C1D-4E3E-86F6-D6B5EE0A81D9}.test3|Any CPU.ActiveCfg = Debug|Any CPU
		{80739021-4C1D-4E3E-86F6-D6B5EE0A81D9}.test3|Any CPU.Build.0 = Debug|Any CPU
		{80739021-4C1D-4E3E-86F6-D6B5EE0A81D9}.test3|x64.ActiveCfg = Debug|Any CPU
		{80739021-4C1D-4E3E-86F6-D6B5EE0A81D9}.test3|x64.Build.0 = Debug|Any CPU
		{80739021-4C1D-4E3E-86F6-D6B5EE0A81D9}.test3|x86.ActiveCfg = Release|x86
		{80739021-4C1D-4E3E-86F6-D6B5EE0A81D9}.test3|x86.Build.0 = Release|x86
		{80739021-4C1D-4E3E-86F6-D6B5EE0A81D9}.test4|Any CPU.ActiveCfg = Release|Any CPU
		{80739021-4C1D-4E3E-86F6-D6B5EE0A81D9}.test4|Any CPU.Build.0 = Release|Any CPU
		{80739021-4C1D-4E3E-86F6-D6B5EE0A81D9}.test4|x64.ActiveCfg = Release|Any CPU
		{80739021-4C1D-4E3E-86F6-D6B5EE0A81D9}.test4|x64.Build.0 = Release|Any CPU
		{80739021-4C1D-4E3E-86F6-D6B5EE0A81D9}.test4|x86.ActiveCfg = Release|x86
		{80739021-4C1D-4E3E-86F6-D6B5EE0A81D9}.test4|x86.Build.0 = Release|x86
		{B131A6B6-4851-4D95-AB5B-4BAB68E9FEF2}.Debug|Any CPU.ActiveCfg = Debug|Any CPU
		{B131A6B6-4851-4D95-AB5B-4BAB68E9FEF2}.Debug|Any CPU.Build.0 = Debug|Any CPU
		{B131A6B6-4851-4D95-AB5B-4BAB68E9FEF2}.Debug|x64.ActiveCfg = Debug|Any CPU
		{B131A6B6-4851-4D95-AB5B-4BAB68E9FEF2}.Debug|x64.Build.0 = Debug|Any CPU
		{B131A6B6-4851-4D95-AB5B-4BAB68E9FEF2}.Debug|x86.ActiveCfg = Debug|Any CPU
		{B131A6B6-4851-4D95-AB5B-4BAB68E9FEF2}.Debug|x86.Build.0 = Debug|Any CPU
		{B131A6B6-4851-4D95-AB5B-4BAB68E9FEF2}.g|Any CPU.ActiveCfg = g|Any CPU
		{B131A6B6-4851-4D95-AB5B-4BAB68E9FEF2}.g|Any CPU.Build.0 = g|Any CPU
		{B131A6B6-4851-4D95-AB5B-4BAB68E9FEF2}.g|x64.ActiveCfg = g|Any CPU
		{B131A6B6-4851-4D95-AB5B-4BAB68E9FEF2}.g|x64.Build.0 = g|Any CPU
		{B131A6B6-4851-4D95-AB5B-4BAB68E9FEF2}.g|x86.ActiveCfg = g|Any CPU
		{B131A6B6-4851-4D95-AB5B-4BAB68E9FEF2}.g|x86.Build.0 = g|Any CPU
		{B131A6B6-4851-4D95-AB5B-4BAB68E9FEF2}.Release|Any CPU.ActiveCfg = Release|Any CPU
		{B131A6B6-4851-4D95-AB5B-4BAB68E9FEF2}.Release|Any CPU.Build.0 = Release|Any CPU
		{B131A6B6-4851-4D95-AB5B-4BAB68E9FEF2}.Release|x64.ActiveCfg = Release|Any CPU
		{B131A6B6-4851-4D95-AB5B-4BAB68E9FEF2}.Release|x64.Build.0 = Release|Any CPU
		{B131A6B6-4851-4D95-AB5B-4BAB68E9FEF2}.Release|x86.ActiveCfg = Release|Any CPU
		{B131A6B6-4851-4D95-AB5B-4BAB68E9FEF2}.Release|x86.Build.0 = Release|Any CPU
		{B131A6B6-4851-4D95-AB5B-4BAB68E9FEF2}.TEST|Any CPU.ActiveCfg = TEST|Any CPU
		{B131A6B6-4851-4D95-AB5B-4BAB68E9FEF2}.TEST|Any CPU.Build.0 = TEST|Any CPU
		{B131A6B6-4851-4D95-AB5B-4BAB68E9FEF2}.TEST|x64.ActiveCfg = TEST|Any CPU
		{B131A6B6-4851-4D95-AB5B-4BAB68E9FEF2}.TEST|x64.Build.0 = TEST|Any CPU
		{B131A6B6-4851-4D95-AB5B-4BAB68E9FEF2}.TEST|x86.ActiveCfg = TEST|Any CPU
		{B131A6B6-4851-4D95-AB5B-4BAB68E9FEF2}.TEST|x86.Build.0 = TEST|Any CPU
		{B131A6B6-4851-4D95-AB5B-4BAB68E9FEF2}.test3|Any CPU.ActiveCfg = test3|Any CPU
		{B131A6B6-4851-4D95-AB5B-4BAB68E9FEF2}.test3|Any CPU.Build.0 = test3|Any CPU
		{B131A6B6-4851-4D95-AB5B-4BAB68E9FEF2}.test3|x64.ActiveCfg = test3|Any CPU
		{B131A6B6-4851-4D95-AB5B-4BAB68E9FEF2}.test3|x64.Build.0 = test3|Any CPU
		{B131A6B6-4851-4D95-AB5B-4BAB68E9FEF2}.test3|x86.ActiveCfg = test3|Any CPU
		{B131A6B6-4851-4D95-AB5B-4BAB68E9FEF2}.test3|x86.Build.0 = test3|Any CPU
		{B131A6B6-4851-4D95-AB5B-4BAB68E9FEF2}.test4|Any CPU.ActiveCfg = test4|Any CPU
		{B131A6B6-4851-4D95-AB5B-4BAB68E9FEF2}.test4|Any CPU.Build.0 = test4|Any CPU
		{B131A6B6-4851-4D95-AB5B-4BAB68E9FEF2}.test4|x64.ActiveCfg = test4|Any CPU
		{B131A6B6-4851-4D95-AB5B-4BAB68E9FEF2}.test4|x64.Build.0 = test4|Any CPU
		{B131A6B6-4851-4D95-AB5B-4BAB68E9FEF2}.test4|x86.ActiveCfg = test4|Any CPU
		{B131A6B6-4851-4D95-AB5B-4BAB68E9FEF2}.test4|x86.Build.0 = test4|Any CPU
	EndGlobalSection
	GlobalSection(SolutionProperties) = preSolution
		HideSolutionNode = FALSE
	EndGlobalSection
	GlobalSection(ExtensibilityGlobals) = postSolution
		SolutionGuid = {81221137-855C-490C-851D-1CCD8F6441F2}
	EndGlobalSection
EndGlobal
